
Microsoft Visual Studio Solution File, Format Version 12.00
# Visual Studio 2013
VisualStudioVersion = 12.0.30501.0
MinimumVisualStudioVersion = 10.0.40219.1
Project("{FAE04EC0-301F-11D3-BF4B-00C04F79EFBC}") = "DavidKiff.VendingMachine.UI", "DavidKiff.VendingMachine.UI\DavidKiff.VendingMachine.UI.csproj", "{87082E1F-47FE-4A31-BF11-8E7926378384}"
EndProject
Project("{FAE04EC0-301F-11D3-BF4B-00C04F79EFBC}") = "DavidKiff.VendingMachine.UI.UnitTests", "DavidKiff.VendingMachine.UI.UnitTests\DavidKiff.VendingMachine.UI.UnitTests.csproj", "{80FDC2E9-AB22-4C37-BCAE-A1103C9325A3}"
EndProject
Global
	GlobalSection(SolutionConfigurationPlatforms) = preSolution
		Debug|Any CPU = Debug|Any CPU
		Release|Any CPU = Release|Any CPU
	EndGlobalSection
	GlobalSection(ProjectConfigurationPlatforms) = postSolution
		{87082E1F-47FE-4A31-BF11-8E7926378384}.Debug|Any CPU.ActiveCfg = Debug|Any CPU
		{87082E1F-47FE-4A31-BF11-8E7926378384}.Debug|Any CPU.Build.0 = Debug|Any CPU
		{87082E1F-47FE-4A31-BF11-8E7926378384}.Release|Any CPU.ActiveCfg = Release|Any CPU
		{87082E1F-47FE-4A31-BF11-8E7926378384}.Release|Any CPU.Build.0 = Release|Any CPU
		{80FDC2E9-AB22-4C37-BCAE-A1103C9325A3}.Debug|Any CPU.ActiveCfg = Debug|Any CPU
		{80FDC2E9-AB22-4C37-BCAE-A1103C9325A3}.Debug|Any CPU.Build.0 = Debug|Any CPU
		{80FDC2E9-AB22-4C37-BCAE-A1103C9325A3}.Release|Any CPU.ActiveCfg = Release|Any CPU
		{80FDC2E9-AB22-4C37-BCAE-A1103C9325A3}.Release|Any CPU.Build.0 = Release|Any CPU
	EndGlobalSection
	GlobalSection(SolutionProperties) = preSolution
		HideSolutionNode = FALSE
	EndGlobalSection
EndGlobal
